
Microsoft Visual Studio Solution File, Format Version 12.00
# Visual Studio Version 16
VisualStudioVersion = 16.0.32002.261
MinimumVisualStudioVersion = 10.0.40219.1
Project("{FAE04EC0-301F-11D3-BF4B-00C04F79EFBC}") = "nullls", "nullls\nullls.csproj", "{2FB70CC2-940D-43F6-9D68-074F7F09B13A}"
EndProject
Global
	GlobalSection(SolutionConfigurationPlatforms) = preSolution
		Debug|Any CPU = Debug|Any CPU
		Release|Any CPU = Release|Any CPU
	EndGlobalSection
	GlobalSection(ProjectConfigurationPlatforms) = postSolution
		{2FB70CC2-940D-43F6-9D68-074F7F09B13A}.Debug|Any CPU.ActiveCfg = Debug|Any CPU
		{2FB70CC2-940D-43F6-9D68-074F7F09B13A}.Debug|Any CPU.Build.0 = Debug|Any CPU
		{2FB70CC2-940D-43F6-9D68-074F7F09B13A}.Release|Any CPU.ActiveCfg = Release|Any CPU
		{2FB70CC2-940D-43F6-9D68-074F7F09B13A}.Release|Any CPU.Build.0 = Release|Any CPU
	EndGlobalSection
	GlobalSection(SolutionProperties) = preSolution
		HideSolutionNode = FALSE
	EndGlobalSection
	GlobalSection(ExtensibilityGlobals) = postSolution
		SolutionGuid = {14944AE2-96A9-4405-A562-13ABF2EC7F46}
	EndGlobalSection
EndGlobal
